
Microsoft Visual Studio Solution File, Format Version 12.00
# Visual Studio Version 16
VisualStudioVersion = 16.0.31321.278
MinimumVisualStudioVersion = 10.0.40219.1
Project("{8BC9CEB8-8B4A-11D0-8D11-00A0C91BC942}") = "GUIFramework", "GUIFramework\GUIFramework.vcxproj", "{4ABC2B87-48DB-4481-8D94-4DE3DE15A82E}"
EndProject
Project("{8BC9CEB8-8B4A-11D0-8D11-00A0C91BC942}") = "Test", "Test\Test.vcxproj", "{27AA96A0-0CF2-4A2B-85F0-8712D90B5562}"
EndProject
Project("{8BC9CEB8-8B4A-11D0-8D11-00A0C91BC942}") = "JSON", "JSON\JSON.vcxproj", "{F6B57139-D9F3-4B02-AA92-4E1F417649DA}"
EndProject
Global
	GlobalSection(SolutionConfigurationPlatforms) = preSolution
		Debug|x64 = Debug|x64
		Debug|x86 = Debug|x86
		DebugDLL|x64 = DebugDLL|x64
		DebugDLL|x86 = DebugDLL|x86
		ProductionRelease|x64 = ProductionRelease|x64
		ProductionRelease|x86 = ProductionRelease|x86
		ProductionReleaseDLL|x64 = ProductionReleaseDLL|x64
		ProductionReleaseDLL|x86 = ProductionReleaseDLL|x86
		Release|x64 = Release|x64
		Release|x86 = Release|x86
		ReleaseDLL|x64 = ReleaseDLL|x64
		ReleaseDLL|x86 = ReleaseDLL|x86
	EndGlobalSection
	GlobalSection(ProjectConfigurationPlatforms) = postSolution
		{4ABC2B87-48DB-4481-8D94-4DE3DE15A82E}.Debug|x64.ActiveCfg = Debug|x64
		{4ABC2B87-48DB-4481-8D94-4DE3DE15A82E}.Debug|x64.Build.0 = Debug|x64
		{4ABC2B87-48DB-4481-8D94-4DE3DE15A82E}.Debug|x86.ActiveCfg = Debug|x64
		{4ABC2B87-48DB-4481-8D94-4DE3DE15A82E}.DebugDLL|x64.ActiveCfg = DebugDLL|x64
		{4ABC2B87-48DB-4481-8D94-4DE3DE15A82E}.DebugDLL|x64.Build.0 = DebugDLL|x64
		{4ABC2B87-48DB-4481-8D94-4DE3DE15A82E}.DebugDLL|x86.ActiveCfg = DebugDLL|x64
		{4ABC2B87-48DB-4481-8D94-4DE3DE15A82E}.ProductionRelease|x64.ActiveCfg = ProductionRelease|x64
		{4ABC2B87-48DB-4481-8D94-4DE3DE15A82E}.ProductionRelease|x64.Build.0 = ProductionRelease|x64
		{4ABC2B87-48DB-4481-8D94-4DE3DE15A82E}.ProductionRelease|x86.ActiveCfg = ProductionRelease|x64
		{4ABC2B87-48DB-4481-8D94-4DE3DE15A82E}.ProductionReleaseDLL|x64.ActiveCfg = ProductionReleaseDLL|x64
		{4ABC2B87-48DB-4481-8D94-4DE3DE15A82E}.ProductionReleaseDLL|x64.Build.0 = ProductionReleaseDLL|x64
		{4ABC2B87-48DB-4481-8D94-4DE3DE15A82E}.ProductionReleaseDLL|x86.ActiveCfg = ProductionReleaseDLL|x64
		{4ABC2B87-48DB-4481-8D94-4DE3DE15A82E}.Release|x64.ActiveCfg = Release|x64
		{4ABC2B87-48DB-4481-8D94-4DE3DE15A82E}.Release|x64.Build.0 = Release|x64
		{4ABC2B87-48DB-4481-8D94-4DE3DE15A82E}.Release|x86.ActiveCfg = Release|x64
		{4ABC2B87-48DB-4481-8D94-4DE3DE15A82E}.ReleaseDLL|x64.ActiveCfg = ReleaseDLL|x64
		{4ABC2B87-48DB-4481-8D94-4DE3DE15A82E}.ReleaseDLL|x64.Build.0 = ReleaseDLL|x64
		{4ABC2B87-48DB-4481-8D94-4DE3DE15A82E}.ReleaseDLL|x86.ActiveCfg = ReleaseDLL|x64
		{27AA96A0-0CF2-4A2B-85F0-8712D90B5562}.Debug|x64.ActiveCfg = Debug|x64
		{27AA96A0-0CF2-4A2B-85F0-8712D90B5562}.Debug|x64.Build.0 = Debug|x64
		{27AA96A0-0CF2-4A2B-85F0-8712D90B5562}.Debug|x86.ActiveCfg = Debug|Win32
		{27AA96A0-0CF2-4A2B-85F0-8712D90B5562}.Debug|x86.Build.0 = Debug|Win32
		{27AA96A0-0CF2-4A2B-85F0-8712D90B5562}.DebugDLL|x64.ActiveCfg = Debug|x64
		{27AA96A0-0CF2-4A2B-85F0-8712D90B5562}.DebugDLL|x64.Build.0 = Debug|x64
		{27AA96A0-0CF2-4A2B-85F0-8712D90B5562}.DebugDLL|x86.ActiveCfg = Debug|Win32
		{27AA96A0-0CF2-4A2B-85F0-8712D90B5562}.DebugDLL|x86.Build.0 = Debug|Win32
		{27AA96A0-0CF2-4A2B-85F0-8712D90B5562}.ProductionRelease|x64.ActiveCfg = Release|x64
		{27AA96A0-0CF2-4A2B-85F0-8712D90B5562}.ProductionRelease|x64.Build.0 = Release|x64
		{27AA96A0-0CF2-4A2B-85F0-8712D90B5562}.ProductionRelease|x86.ActiveCfg = Release|Win32
		{27AA96A0-0CF2-4A2B-85F0-8712D90B5562}.ProductionRelease|x86.Build.0 = Release|Win32
		{27AA96A0-0CF2-4A2B-85F0-8712D90B5562}.ProductionReleaseDLL|x64.ActiveCfg = Release|x64
		{27AA96A0-0CF2-4A2B-85F0-8712D90B5562}.ProductionReleaseDLL|x64.Build.0 = Release|x64
		{27AA96A0-0CF2-4A2B-85F0-8712D90B5562}.ProductionReleaseDLL|x86.ActiveCfg = Release|Win32
		{27AA96A0-0CF2-4A2B-85F0-8712D90B5562}.ProductionReleaseDLL|x86.Build.0 = Release|Win32
		{27AA96A0-0CF2-4A2B-85F0-8712D90B5562}.Release|x64.ActiveCfg = Release|x64
		{27AA96A0-0CF2-4A2B-85F0-8712D90B5562}.Release|x64.Build.0 = Release|x64
		{27AA96A0-0CF2-4A2B-85F0-8712D90B5562}.Release|x86.ActiveCfg = Release|Win32
		{27AA96A0-0CF2-4A2B-85F0-8712D90B5562}.Release|x86.Build.0 = Release|Win32
		{27AA96A0-0CF2-4A2B-85F0-8712D90B5562}.ReleaseDLL|x64.ActiveCfg = Release|x64
		{27AA96A0-0CF2-4A2B-85F0-8712D90B5562}.ReleaseDLL|x64.Build.0 = Release|x64
		{27AA96A0-0CF2-4A2B-85F0-8712D90B5562}.ReleaseDLL|x86.ActiveCfg = Release|Win32
		{27AA96A0-0CF2-4A2B-85F0-8712D90B5562}.ReleaseDLL|x86.Build.0 = Release|Win32
		{F6B57139-D9F3-4B02-AA92-4E1F417649DA}.Debug|x64.ActiveCfg = Debug|x64
		{F6B57139-D9F3-4B02-AA92-4E1F417649DA}.Debug|x64.Build.0 = Debug|x64
		{F6B57139-D9F3-4B02-AA92-4E1F417649DA}.Debug|x86.ActiveCfg = Debug|Win32
		{F6B57139-D9F3-4B02-AA92-4E1F417649DA}.Debug|x86.Build.0 = Debug|Win32
		{F6B57139-D9F3-4B02-AA92-4E1F417649DA}.DebugDLL|x64.ActiveCfg = Debug|x64
		{F6B57139-D9F3-4B02-AA92-4E1F417649DA}.DebugDLL|x64.Build.0 = Debug|x64
		{F6B57139-D9F3-4B02-AA92-4E1F417649DA}.DebugDLL|x86.ActiveCfg = DebugDLL|Win32
		{F6B57139-D9F3-4B02-AA92-4E1F417649DA}.DebugDLL|x86.Build.0 = DebugDLL|Win32
		{F6B57139-D9F3-4B02-AA92-4E1F417649DA}.ProductionRelease|x64.ActiveCfg = ProductionRelease|x64
		{F6B57139-D9F3-4B02-AA92-4E1F417649DA}.ProductionRelease|x64.Build.0 = ProductionRelease|x64
		{F6B57139-D9F3-4B02-AA92-4E1F417649DA}.ProductionRelease|x86.ActiveCfg = ProductionRelease|Win32
		{F6B57139-D9F3-4B02-AA92-4E1F417649DA}.ProductionRelease|x86.Build.0 = ProductionRelease|Win32
		{F6B57139-D9F3-4B02-AA92-4E1F417649DA}.ProductionReleaseDLL|x64.ActiveCfg = ProductionRelease|x64
		{F6B57139-D9F3-4B02-AA92-4E1F417649DA}.ProductionReleaseDLL|x64.Build.0 = ProductionRelease|x64
		{F6B57139-D9F3-4B02-AA92-4E1F417649DA}.ProductionReleaseDLL|x86.ActiveCfg = ProductionReleaseDLL|Win32
		{F6B57139-D9F3-4B02-AA92-4E1F417649DA}.ProductionReleaseDLL|x86.Build.0 = ProductionReleaseDLL|Win32
		{F6B57139-D9F3-4B02-AA92-4E1F417649DA}.Release|x64.ActiveCfg = Release|x64
		{F6B57139-D9F3-4B02-AA92-4E1F417649DA}.Release|x64.Build.0 = Release|x64
		{F6B57139-D9F3-4B02-AA92-4E1F417649DA}.Release|x86.ActiveCfg = Release|Win32
		{F6B57139-D9F3-4B02-AA92-4E1F417649DA}.Release|x86.Build.0 = Release|Win32
		{F6B57139-D9F3-4B02-AA92-4E1F417649DA}.ReleaseDLL|x64.ActiveCfg = Release|x64
		{F6B57139-D9F3-4B02-AA92-4E1F417649DA}.ReleaseDLL|x64.Build.0 = Release|x64
		{F6B57139-D9F3-4B02-AA92-4E1F417649DA}.ReleaseDLL|x86.ActiveCfg = ReleaseDLL|Win32
		{F6B57139-D9F3-4B02-AA92-4E1F417649DA}.ReleaseDLL|x86.Build.0 = ReleaseDLL|Win32
	EndGlobalSection
	GlobalSection(SolutionProperties) = preSolution
		HideSolutionNode = FALSE
	EndGlobalSection
	GlobalSection(ExtensibilityGlobals) = postSolution
		SolutionGuid = {5BF5DB94-5EDF-452D-9290-6DF114036CE9}
	EndGlobalSection
EndGlobal
